
Microsoft Visual Studio Solution File, Format Version 12.00
# Visual Studio 15
VisualStudioVersion = 15.0.26730.16
MinimumVisualStudioVersion = 10.0.40219.1
Project("{FAE04EC0-301F-11D3-BF4B-00C04F79EFBC}") = "ASPDotNet10Test", "ASPDotNet10Test\ASPDotNet10Test.csproj", "{90F320D2-3E08-4012-A25F-D8B4DD5BDEA4}"
EndProject
Global
	GlobalSection(SolutionConfigurationPlatforms) = preSolution
		Debug|Any CPU = Debug|Any CPU
		Release|Any CPU = Release|Any CPU
	EndGlobalSection
	GlobalSection(ProjectConfigurationPlatforms) = postSolution
		{90F320D2-3E08-4012-A25F-D8B4DD5BDEA4}.Debug|Any CPU.ActiveCfg = Debug|Any CPU
		{90F320D2-3E08-4012-A25F-D8B4DD5BDEA4}.Debug|Any CPU.Build.0 = Debug|Any CPU
		{90F320D2-3E08-4012-A25F-D8B4DD5BDEA4}.Release|Any CPU.ActiveCfg = Release|Any CPU
		{90F320D2-3E08-4012-A25F-D8B4DD5BDEA4}.Release|Any CPU.Build.0 = Release|Any CPU
	EndGlobalSection
	GlobalSection(SolutionProperties) = preSolution
		HideSolutionNode = FALSE
	EndGlobalSection
	GlobalSection(ExtensibilityGlobals) = postSolution
		SolutionGuid = {2D086342-4F4B-4CF5-9ADE-1874255F7F65}
	EndGlobalSection
EndGlobal
